
Microsoft Visual Studio Solution File, Format Version 12.00
# Visual Studio Version 16
VisualStudioVersion = 16.0.29009.5
MinimumVisualStudioVersion = 10.0.40219.1
Project("{FAE04EC0-301F-11D3-BF4B-00C04F79EFBC}") = "Mvc.Web.Uı", "Mvc.Web.Uı\Mvc.Web.Uı.csproj", "{253E0C14-775A-48C4-B1EF-EE2813F38504}"
EndProject
Global
	GlobalSection(SolutionConfigurationPlatforms) = preSolution
		Debug|Any CPU = Debug|Any CPU
		Release|Any CPU = Release|Any CPU
	EndGlobalSection
	GlobalSection(ProjectConfigurationPlatforms) = postSolution
		{253E0C14-775A-48C4-B1EF-EE2813F38504}.Debug|Any CPU.ActiveCfg = Debug|Any CPU
		{253E0C14-775A-48C4-B1EF-EE2813F38504}.Debug|Any CPU.Build.0 = Debug|Any CPU
		{253E0C14-775A-48C4-B1EF-EE2813F38504}.Release|Any CPU.ActiveCfg = Release|Any CPU
		{253E0C14-775A-48C4-B1EF-EE2813F38504}.Release|Any CPU.Build.0 = Release|Any CPU
	EndGlobalSection
	GlobalSection(SolutionProperties) = preSolution
		HideSolutionNode = FALSE
	EndGlobalSection
	GlobalSection(ExtensibilityGlobals) = postSolution
		SolutionGuid = {D1C88ED7-E92A-41C9-9233-398D208D829F}
	EndGlobalSection
EndGlobal
